
Microsoft Visual Studio Solution File, Format Version 12.00
# Visual Studio Version 16
VisualStudioVersion = 16.0.29806.167
MinimumVisualStudioVersion = 10.0.40219.1
Project("{FAE04EC0-301F-11D3-BF4B-00C04F79EFBC}") = "Task7", "Task7\Task7.csproj", "{8DACAD69-39EA-413B-9751-82446691163A}"
EndProject
Global
	GlobalSection(SolutionConfigurationPlatforms) = preSolution
		Debug|Any CPU = Debug|Any CPU
		Release|Any CPU = Release|Any CPU
	EndGlobalSection
	GlobalSection(ProjectConfigurationPlatforms) = postSolution
		{8DACAD69-39EA-413B-9751-82446691163A}.Debug|Any CPU.ActiveCfg = Debug|Any CPU
		{8DACAD69-39EA-413B-9751-82446691163A}.Debug|Any CPU.Build.0 = Debug|Any CPU
		{8DACAD69-39EA-413B-9751-82446691163A}.Release|Any CPU.ActiveCfg = Release|Any CPU
		{8DACAD69-39EA-413B-9751-82446691163A}.Release|Any CPU.Build.0 = Release|Any CPU
	EndGlobalSection
	GlobalSection(SolutionProperties) = preSolution
		HideSolutionNode = FALSE
	EndGlobalSection
	GlobalSection(ExtensibilityGlobals) = postSolution
		SolutionGuid = {5223456A-7FB2-4F7C-B672-8ED21435D0D1}
	EndGlobalSection
EndGlobal
